
Microsoft Visual Studio Solution File, Format Version 11.00
# Visual Studio 2010
Project("{FAE04EC0-301F-11D3-BF4B-00C04F79EFBC}") = "NewNetLoad", "NewNetLoad\NewNetLoad.csproj", "{99D5886A-98DD-425C-9169-8DD665F72612}"
EndProject
Global
	GlobalSection(SolutionConfigurationPlatforms) = preSolution
		Debug|Any CPU = Debug|Any CPU
		Release|Any CPU = Release|Any CPU
	EndGlobalSection
	GlobalSection(ProjectConfigurationPlatforms) = postSolution
		{99D5886A-98DD-425C-9169-8DD665F72612}.Debug|Any CPU.ActiveCfg = Debug|Any CPU
		{99D5886A-98DD-425C-9169-8DD665F72612}.Debug|Any CPU.Build.0 = Debug|Any CPU
		{99D5886A-98DD-425C-9169-8DD665F72612}.Release|Any CPU.ActiveCfg = Release|Any CPU
		{99D5886A-98DD-425C-9169-8DD665F72612}.Release|Any CPU.Build.0 = Release|Any CPU
	EndGlobalSection
	GlobalSection(SolutionProperties) = preSolution
		HideSolutionNode = FALSE
	EndGlobalSection
EndGlobal
